{
  "name": "remocon",
  "version": "0.25.0",
  "lockfileVersion": 3,
  "requires": true,
  "packages": {
    "": {
      "name": "remocon",
      "version": "0.25.0",
      "license": "MIT",
      "dependencies": {
        "commander": "^11.1.0",
        "meta-buffer-pack": "^1.3.1",
        "redis": "^4.6.10",
        "remote-signal": "^0.25.0"
      },
      "bin": {
        "remocon": "bin/remote.js",
        "remocons": "bin/remote-server.js",
        "remote": "bin/remote.js",
        "remote-server": "bin/remote-server.js"
      }
    },
    "../remote-signal-private": {
      "name": "remote-signal",
      "version": "0.21.0",
      "extraneous": true,
      "license": "MIT",
      "dependencies": {
        "boho": "^0.8.1",
        "commander": "^9.5.0",
        "eventemitter3": "^5.0.1",
        "google-auth-library": "^9.1.0",
        "meta-buffer-pack": "^1.3.1",
        "serialport": "^10.4.0",
        "ws": "^8.14.2"
      },
      "devDependencies": {
        "@rollup/plugin-commonjs": "^17.1.0",
        "@rollup/plugin-json": "^6.0.1",
        "@rollup/plugin-node-resolve": "^11.2.1",
        "@rollup/plugin-replace": "^4.0.0",
        "@rollup/plugin-terser": "^0.4.4",
        "mocha": "^9.2.2",
        "redis": "^4.6.10",
        "rollup": "^2.79.1"
      },
      "engines": {
        "node": ">=15.2.0"
      },
      "optionalDependencies": {
        "bufferutil": "^4.0.7",
        "utf-8-validate": "^6.0.3"
      }
    },
    "node_modules/@redis/bloom": {
      "version": "1.2.0",
      "resolved": "https://registry.npmjs.org/@redis/bloom/-/bloom-1.2.0.tgz",
      "integrity": "sha512-HG2DFjYKbpNmVXsa0keLHp/3leGJz1mjh09f2RLGGLQZzSHpkmZWuwJbAvo3QcRY8p80m5+ZdXZdYOSBLlp7Cg==",
      "peerDependencies": {
        "@redis/client": "^1.0.0"
      }
    },
    "node_modules/@redis/client": {
      "version": "1.5.11",
      "resolved": "https://registry.npmjs.org/@redis/client/-/client-1.5.11.tgz",
      "integrity": "sha512-cV7yHcOAtNQ5x/yQl7Yw1xf53kO0FNDTdDU6bFIMbW6ljB7U7ns0YRM+QIkpoqTAt6zK5k9Fq0QWlUbLcq9AvA==",
      "dependencies": {
        "cluster-key-slot": "1.1.2",
        "generic-pool": "3.9.0",
        "yallist": "4.0.0"
      },
      "engines": {
        "node": ">=14"
      }
    },
    "node_modules/@redis/graph": {
      "version": "1.1.0",
      "resolved": "https://registry.npmjs.org/@redis/graph/-/graph-1.1.0.tgz",
      "integrity": "sha512-16yZWngxyXPd+MJxeSr0dqh2AIOi8j9yXKcKCwVaKDbH3HTuETpDVPcLujhFYVPtYrngSco31BUcSa9TH31Gqg==",
      "peerDependencies": {
        "@redis/client": "^1.0.0"
      }
    },
    "node_modules/@redis/json": {
      "version": "1.0.6",
      "resolved": "https://registry.npmjs.org/@redis/json/-/json-1.0.6.tgz",
      "integrity": "sha512-rcZO3bfQbm2zPRpqo82XbW8zg4G/w4W3tI7X8Mqleq9goQjAGLL7q/1n1ZX4dXEAmORVZ4s1+uKLaUOg7LrUhw==",
      "peerDependencies": {
        "@redis/client": "^1.0.0"
      }
    },
    "node_modules/@redis/search": {
      "version": "1.1.5",
      "resolved": "https://registry.npmjs.org/@redis/search/-/search-1.1.5.tgz",
      "integrity": "sha512-hPP8w7GfGsbtYEJdn4n7nXa6xt6hVZnnDktKW4ArMaFQ/m/aR7eFvsLQmG/mn1Upq99btPJk+F27IQ2dYpCoUg==",
      "peerDependencies": {
        "@redis/client": "^1.0.0"
      }
    },
    "node_modules/@redis/time-series": {
      "version": "1.0.5",
      "resolved": "https://registry.npmjs.org/@redis/time-series/-/time-series-1.0.5.tgz",
      "integrity": "sha512-IFjIgTusQym2B5IZJG3XKr5llka7ey84fw/NOYqESP5WUfQs9zz1ww/9+qoz4ka/S6KcGBodzlCeZ5UImKbscg==",
      "peerDependencies": {
        "@redis/client": "^1.0.0"
      }
    },
    "node_modules/base64-js": {
      "version": "1.5.1",
      "resolved": "https://registry.npmjs.org/base64-js/-/base64-js-1.5.1.tgz",
      "integrity": "sha512-AKpaYlHn8t4SVbOHCy+b5+KKgvR4vrsD8vbvrbiQJps7fKDTkjkDry6ji0rUJjC0kzbNePLwzxq8iypo41qeWA==",
      "funding": [
        {
          "type": "github",
          "url": "https://github.com/sponsors/feross"
        },
        {
          "type": "patreon",
          "url": "https://www.patreon.com/feross"
        },
        {
          "type": "consulting",
          "url": "https://feross.org/support"
        }
      ]
    },
    "node_modules/boho": {
      "version": "0.8.2",
      "resolved": "https://registry.npmjs.org/boho/-/boho-0.8.2.tgz",
      "integrity": "sha512-xcGpBmvORbA/INauWd6nbClk1KcHMoSP+YJXwUmD4UCt4juZEqwA3M+ROFEVWXFxmELLlftRf3hRXLiRwoDjYQ==",
      "dependencies": {
        "meta-buffer-pack": "^1.3.1"
      }
    },
    "node_modules/buffer": {
      "version": "6.0.3",
      "resolved": "https://registry.npmjs.org/buffer/-/buffer-6.0.3.tgz",
      "integrity": "sha512-FTiCpNxtwiZZHEZbcbTIcZjERVICn9yq/pDFkTl95/AxzD1naBctN7YO68riM/gLSDY7sdrMby8hofADYuuqOA==",
      "funding": [
        {
          "type": "github",
          "url": "https://github.com/sponsors/feross"
        },
        {
          "type": "patreon",
          "url": "https://www.patreon.com/feross"
        },
        {
          "type": "consulting",
          "url": "https://feross.org/support"
        }
      ],
      "dependencies": {
        "base64-js": "^1.3.1",
        "ieee754": "^1.2.1"
      }
    },
    "node_modules/bufferutil": {
      "version": "4.0.8",
      "resolved": "https://registry.npmjs.org/bufferutil/-/bufferutil-4.0.8.tgz",
      "integrity": "sha512-4T53u4PdgsXqKaIctwF8ifXlRTTmEPJ8iEPWFdGZvcf7sbwYo6FKFEX9eNNAnzFZ7EzJAQ3CJeOtCRA4rDp7Pw==",
      "hasInstallScript": true,
      "optional": true,
      "dependencies": {
        "node-gyp-build": "^4.3.0"
      },
      "engines": {
        "node": ">=6.14.2"
      }
    },
    "node_modules/cluster-key-slot": {
      "version": "1.1.2",
      "resolved": "https://registry.npmjs.org/cluster-key-slot/-/cluster-key-slot-1.1.2.tgz",
      "integrity": "sha512-RMr0FhtfXemyinomL4hrWcYJxmX6deFdCxpJzhDttxgO1+bcCnkk+9drydLVDmAMG7NE6aN/fl4F7ucU/90gAA==",
      "engines": {
        "node": ">=0.10.0"
      }
    },
    "node_modules/commander": {
      "version": "11.1.0",
      "resolved": "https://registry.npmjs.org/commander/-/commander-11.1.0.tgz",
      "integrity": "sha512-yPVavfyCcRhmorC7rWlkHn15b4wDVgVmBA7kV4QVBsF7kv/9TKJAbAXVTxvTnwP8HHKjRCJDClKbciiYS7p0DQ==",
      "engines": {
        "node": ">=16"
      }
    },
    "node_modules/eventemitter3": {
      "version": "5.0.1",
      "resolved": "https://registry.npmjs.org/eventemitter3/-/eventemitter3-5.0.1.tgz",
      "integrity": "sha512-GWkBvjiSZK87ELrYOSESUYeVIc9mvLLf/nXalMOS5dYrgZq9o5OVkbZAVM06CVxYsCwH9BDZFPlQTlPA1j4ahA=="
    },
    "node_modules/generic-pool": {
      "version": "3.9.0",
      "resolved": "https://registry.npmjs.org/generic-pool/-/generic-pool-3.9.0.tgz",
      "integrity": "sha512-hymDOu5B53XvN4QT9dBmZxPX4CWhBPPLguTZ9MMFeFa/Kg0xWVfylOVNlJji/E7yTZWFd/q9GO5TxDLq156D7g==",
      "engines": {
        "node": ">= 4"
      }
    },
    "node_modules/ieee754": {
      "version": "1.2.1",
      "resolved": "https://registry.npmjs.org/ieee754/-/ieee754-1.2.1.tgz",
      "integrity": "sha512-dcyqhDvX1C46lXZcVqCpK+FtMRQVdIMN6/Df5js2zouUsqG7I6sFxitIC+7KYK29KdXOLHdu9zL4sFnoVQnqaA==",
      "funding": [
        {
          "type": "github",
          "url": "https://github.com/sponsors/feross"
        },
        {
          "type": "patreon",
          "url": "https://www.patreon.com/feross"
        },
        {
          "type": "consulting",
          "url": "https://feross.org/support"
        }
      ]
    },
    "node_modules/meta-buffer-pack": {
      "version": "1.3.1",
      "resolved": "https://registry.npmjs.org/meta-buffer-pack/-/meta-buffer-pack-1.3.1.tgz",
      "integrity": "sha512-9QWvWOan/jo26kumaup4VMzOSHWOjzgaRY0HmdTug3EG9iKc65OPapP7HnJ5Jdzb8tF4l2cDXbcRjkrATczXQg==",
      "dependencies": {
        "buffer": "^6.0.3"
      }
    },
    "node_modules/node-gyp-build": {
      "version": "4.6.1",
      "resolved": "https://registry.npmjs.org/node-gyp-build/-/node-gyp-build-4.6.1.tgz",
      "integrity": "sha512-24vnklJmyRS8ViBNI8KbtK/r/DmXQMRiOMXTNz2nrTnAYUwjmEEbnnpB/+kt+yWRv73bPsSPRFddrcIbAxSiMQ==",
      "optional": true,
      "bin": {
        "node-gyp-build": "bin.js",
        "node-gyp-build-optional": "optional.js",
        "node-gyp-build-test": "build-test.js"
      }
    },
    "node_modules/redis": {
      "version": "4.6.10",
      "resolved": "https://registry.npmjs.org/redis/-/redis-4.6.10.tgz",
      "integrity": "sha512-mmbyhuKgDiJ5TWUhiKhBssz+mjsuSI/lSZNPI9QvZOYzWvYGejtb+W3RlDDf8LD6Bdl5/mZeG8O1feUGhXTxEg==",
      "dependencies": {
        "@redis/bloom": "1.2.0",
        "@redis/client": "1.5.11",
        "@redis/graph": "1.1.0",
        "@redis/json": "1.0.6",
        "@redis/search": "1.1.5",
        "@redis/time-series": "1.0.5"
      }
    },
    "node_modules/remote-signal": {
      "version": "0.25.0",
      "resolved": "https://registry.npmjs.org/remote-signal/-/remote-signal-0.25.0.tgz",
      "integrity": "sha512-aB9BMyjym6cHxjRrzWoF9x31ZRrOa3JGRbsPRjN/BRwxHE9JVD6TmGnfEiR+qfwYqVRhQUShd1mwXnc87pZS6g==",
      "dependencies": {
        "boho": "^0.8.2",
        "eventemitter3": "^5.0.1",
        "meta-buffer-pack": "^1.3.1",
        "ws": "^8.14.2"
      },
      "engines": {
        "node": ">=15.2.0"
      },
      "optionalDependencies": {
        "bufferutil": "^4.0.8",
        "utf-8-validate": "^6.0.3"
      }
    },
    "node_modules/utf-8-validate": {
      "version": "6.0.3",
      "resolved": "https://registry.npmjs.org/utf-8-validate/-/utf-8-validate-6.0.3.tgz",
      "integrity": "sha512-uIuGf9TWQ/y+0Lp+KGZCMuJWc3N9BHA+l/UmHd/oUHwJJDeysyTRxNQVkbzsIWfGFbRe3OcgML/i0mvVRPOyDA==",
      "hasInstallScript": true,
      "optional": true,
      "dependencies": {
        "node-gyp-build": "^4.3.0"
      },
      "engines": {
        "node": ">=6.14.2"
      }
    },
    "node_modules/ws": {
      "version": "8.14.2",
      "resolved": "https://registry.npmjs.org/ws/-/ws-8.14.2.tgz",
      "integrity": "sha512-wEBG1ftX4jcglPxgFCMJmZ2PLtSbJ2Peg6TmpJFTbe9GZYOQCDPdMYu/Tm0/bGZkw8paZnJY45J4K2PZrLYq8g==",
      "engines": {
        "node": ">=10.0.0"
      },
      "peerDependencies": {
        "bufferutil": "^4.0.1",
        "utf-8-validate": ">=5.0.2"
      },
      "peerDependenciesMeta": {
        "bufferutil": {
          "optional": true
        },
        "utf-8-validate": {
          "optional": true
        }
      }
    },
    "node_modules/yallist": {
      "version": "4.0.0",
      "resolved": "https://registry.npmjs.org/yallist/-/yallist-4.0.0.tgz",
      "integrity": "sha512-3wdGidZyq5PB084XLES5TpOSRA3wjXAlIWMhum2kRcv/41Sn2emQ0dycQW4uZXLejwKvg6EsvbdlVL+FYEct7A=="
    }
  }
}
